// !$*UTF8*$!
{
	archiveVersion = 1;
	classes = {
	};
	objectVersion = 46;
	objects = {

/* Begin PBXBuildFile section */
		11F25BC31CB8FB6100734A34 /* AppDelegate.swift in Sources */ = {isa = PBXBuildFile; fileRef = 11F25BC21CB8FB6100734A34 /* AppDelegate.swift */; };
		11F25BC51CB8FB6100734A34 /* FirstViewController.swift in Sources */ = {isa = PBXBuildFile; fileRef = 11F25BC41CB8FB6100734A34 /* FirstViewController.swift */; };
		11F25BC71CB8FB6100734A34 /* SecondViewController.swift in Sources */ = {isa = PBXBuildFile; fileRef = 11F25BC61CB8FB6100734A34 /* SecondViewController.swift */; };
		11F25BCA1CB8FB6100734A34 /* Main.storyboard in Resources */ = {isa = PBXBuildFile; fileRef = 11F25BC81CB8FB6100734A34 /* Main.storyboard */; };
		11F25BCC1CB8FB6100734A34 /* Assets.xcassets in Resources */ = {isa = PBXBuildFile; fileRef = 11F25BCB1CB8FB6100734A34 /* Assets.xcassets */; };
		11F25BCF1CB8FB6100734A34 /* LaunchScreen.storyboard in Resources */ = {isa = PBXBuildFile; fileRef = 11F25BCD1CB8FB6100734A34 /* LaunchScreen.storyboard */; };
		11F25BDA1CB8FB6100734A34 /* AusgabenTrackerTests.swift in Sources */ = {isa = PBXBuildFile; fileRef = 11F25BD91CB8FB6100734A34 /* AusgabenTrackerTests.swift */; };
		11F25BE51CB8FB6100734A34 /* AusgabenTrackerUITests.swift in Sources */ = {isa = PBXBuildFile; fileRef = 11F25BE41CB8FB6100734A34 /* AusgabenTrackerUITests.swift */; };
/* End PBXBuildFile section */

/* Begin PBXContainerItemProxy section */
		11F25BD61CB8FB6100734A34 /* PBXContainerItemProxy */ = {
			isa = PBXContainerItemProxy;
			containerPortal = 11F25BB71CB8FB6000734A34 /* Project object */;
			proxyType = 1;
			remoteGlobalIDString = 11F25BBE1CB8FB6100734A34;
			remoteInfo = AusgabenTracker;
		};
		11F25BE11CB8FB6100734A34 /* PBXContainerItemProxy */ = {
			isa = PBXContainerItemProxy;
			containerPortal = 11F25BB71CB8FB6000734A34 /* Project object */;
			proxyType = 1;
			remoteGlobalIDString = 11F25BBE1CB8FB6100734A34;
			remoteInfo = AusgabenTracker;
		};
/* End PBXContainerItemProxy section */

/* Begin PBXFileReference section */
		11F25BBF1CB8FB6100734A34 /* AusgabenTracker.app */ = {isa = PBXFileReference; explicitFileType = wrapper.application; includeInIndex = 0; path = AusgabenTracker.app; sourceTree = BUILT_PRODUCTS_DIR; };
		11F25BC21CB8FB6100734A34 /* AppDelegate.swift */ = {isa = PBXFileReference; lastKnownFileType = sourcecode.swift; path = AppDelegate.swift; sourceTree = "<group>"; };
		11F25BC41CB8FB6100734A34 /* FirstViewController.swift */ = {isa = PBXFileReference; lastKnownFileType = sourcecode.swift; path = FirstViewController.swift; sourceTree = "<group>"; };
		11F25BC61CB8FB6100734A34 /* SecondViewController.swift */ = {isa = PBXFileReference; lastKnownFileType = sourcecode.swift; path = SecondViewController.swift; sourceTree = "<group>"; };
		11F25BC91CB8FB6100734A34 /* Base */ = {isa = PBXFileReference; lastKnownFileType = file.storyboard; name = Base; path = Base.lproj/Main.storyboard; sourceTree = "<group>"; };
		11F25BCB1CB8FB6100734A34 /* Assets.xcassets */ = {isa = PBXFileReference; lastKnownFileType = folder.assetcatalog; path = Assets.xcassets; sourceTree = "<group>"; };
		11F25BCE1CB8FB6100734A34 /* Base */ = {isa = PBXFileReference; lastKnownFileType = file.storyboard; name = Base; path = Base.lproj/LaunchScreen.storyboard; sourceTree = "<group>"; };
		11F25BD01CB8FB6100734A34 /* Info.plist */ = {isa = PBXFileReference; lastKnownFileType = text.plist.xml; path = Info.plist; sourceTree = "<group>"; };
		11F25BD51CB8FB6100734A34 /* AusgabenTrackerTests.xctest */ = {isa = PBXFileReference; explicitFileType = wrapper.cfbundle; includeInIndex = 0; path = AusgabenTrackerTests.xctest; sourceTree = BUILT_PRODUCTS_DIR; };
		11F25BD91CB8FB6100734A34 /* AusgabenTrackerTests.swift */ = {isa = PBXFileReference; lastKnownFileType = sourcecode.swift; path = AusgabenTrackerTests.swift; sourceTree = "<group>"; };
		11F25BDB1CB8FB6100734A34 /* Info.plist */ = {isa = PBXFileReference; lastKnownFileType = text.plist.xml; path = Info.plist; sourceTree = "<group>"; };
		11F25BE01CB8FB6100734A34 /* AusgabenTrackerUITests.xctest */ = {isa = PBXFileReference; explicitFileType = wrapper.cfbundle; includeInIndex = 0; path = AusgabenTrackerUITests.xctest; sourceTree = BUILT_PRODUCTS_DIR; };
		11F25BE41CB8FB6100734A34 /* AusgabenTrackerUITests.swift */ = {isa = PBXFileReference; lastKnownFileType = sourcecode.swift; path = AusgabenTrackerUITests.swift; sourceTree = "<group>"; };
		11F25BE61CB8FB6100734A34 /* Info.plist */ = {isa = PBXFileReference; lastKnownFileType = text.plist.xml; path = Info.plist; sourceTree = "<group>"; };
/* End PBXFileReference section */

/* Begin PBXFrameworksBuildPhase section */
		11F25BBC1CB8FB6100734A34 /* Frameworks */ = {
			isa = PBXFrameworksBuildPhase;
			buildActionMask = 2147483647;
			files = (
			);
			runOnlyForDeploymentPostprocessing = 0;
		};
		11F25BD21CB8FB6100734A34 /* Frameworks */ = {
			isa = PBXFrameworksBuildPhase;
			buildActionMask = 2147483647;
			files = (
			);
			runOnlyForDeploymentPostprocessing = 0;
		};
		11F25BDD1CB8FB6100734A34 /* Frameworks */ = {
			isa = PBXFrameworksBuildPhase;
			buildActionMask = 2147483647;
			files = (
			);
			runOnlyForDeploymentPostprocessing = 0;
		};
/* End PBXFrameworksBuildPhase section */

/* Begin PBXGroup section */
		11F25BB61CB8FB6000734A34 = {
			isa = PBXGroup;
			children = (
				11F25BC11CB8FB6100734A34 /* AusgabenTracker */,
				11F25BD81CB8FB6100734A34 /* AusgabenTrackerTests */,
				11F25BE31CB8FB6100734A34 /* AusgabenTrackerUITests */,
				11F25BC01CB8FB6100734A34 /* Products */,
			);
			sourceTree = "<group>";
		};
		11F25BC01CB8FB6100734A34 /* Products */ = {
			isa = PBXGroup;
			children = (
				11F25BBF1CB8FB6100734A34 /* AusgabenTracker.app */,
				11F25BD51CB8FB6100734A34 /* AusgabenTrackerTests.xctest */,
				11F25BE01CB8FB6100734A34 /* AusgabenTrackerUITests.xctest */,
			);
			name = Products;
			sourceTree = "<group>";
		};
		11F25BC11CB8FB6100734A34 /* AusgabenTracker */ = {
			isa = PBXGroup;
			children = (
				11F25BC21CB8FB6100734A34 /* AppDelegate.swift */,
				11F25BC41CB8FB6100734A34 /* FirstViewController.swift */,
				11F25BC61CB8FB6100734A34 /* SecondViewController.swift */,
				11F25BC81CB8FB6100734A34 /* Main.storyboard */,
				11F25BCB1CB8FB6100734A34 /* Assets.xcassets */,
				11F25BCD1CB8FB6100734A34 /* LaunchScreen.storyboard */,
				11F25BD01CB8FB6100734A34 /* Info.plist */,
			);
			path = AusgabenTracker;
			sourceTree = "<group>";
		};
		11F25BD81CB8FB6100734A34 /* AusgabenTrackerTests */ = {
			isa = PBXGroup;
			children = (
				11F25BD91CB8FB6100734A34 /* AusgabenTrackerTests.swift */,
				11F25BDB1CB8FB6100734A34 /* Info.plist */,
			);
			path = AusgabenTrackerTests;
			sourceTree = "<group>";
		};
		11F25BE31CB8FB6100734A34 /* AusgabenTrackerUITests */ = {
			isa = PBXGroup;
			children = (
				11F25BE41CB8FB6100734A34 /* AusgabenTrackerUITests.swift */,
				11F25BE61CB8FB6100734A34 /* Info.plist */,
			);
			path = AusgabenTrackerUITests;
			sourceTree = "<group>";
		};
/* End PBXGroup section */

/* Begin PBXNativeTarget section */
		11F25BBE1CB8FB6100734A34 /* AusgabenTracker */ = {
			isa = PBXNativeTarget;
			buildConfigurationList = 11F25BE91CB8FB6100734A34 /* Build configuration list for PBXNativeTarget "AusgabenTracker" */;
			buildPhases = (
				11F25BBB1CB8FB6100734A34 /* Sources */,
				11F25BBC1CB8FB6100734A34 /* Frameworks */,
				11F25BBD1CB8FB6100734A34 /* Resources */,
			);
			buildRules = (
			);
			dependencies = (
			);
			name = AusgabenTracker;
			productName = AusgabenTracker;
			productReference = 11F25BBF1CB8FB6100734A34 /* AusgabenTracker.app */;
			productType = "com.apple.product-type.application";
		};
		11F25BD41CB8FB6100734A34 /* AusgabenTrackerTests */ = {
			isa = PBXNativeTarget;
			buildConfigurationList = 11F25BEC1CB8FB6100734A34 /* Build configuration list for PBXNativeTarget "AusgabenTrackerTests" */;
			buildPhases = (
				11F25BD11CB8FB6100734A34 /* Sources */,
				11F25BD21CB8FB6100734A34 /* Frameworks */,
				11F25BD31CB8FB6100734A34 /* Resources */,
			);
			buildRules = (
			);
			dependencies = (
				11F25BD71CB8FB6100734A34 /* PBXTargetDependency */,
			);
			name = AusgabenTrackerTests;
			productName = AusgabenTrackerTests;
			productReference = 11F25BD51CB8FB6100734A34 /* AusgabenTrackerTests.xctest */;
			productType = "com.apple.product-type.bundle.unit-test";
		};
		11F25BDF1CB8FB6100734A34 /* AusgabenTrackerUITests */ = {
			isa = PBXNativeTarget;
			buildConfigurationList = 11F25BEF1CB8FB6100734A34 /* Build configuration list for PBXNativeTarget "AusgabenTrackerUITests" */;
			buildPhases = (
				11F25BDC1CB8FB6100734A34 /* Sources */,
				11F25BDD1CB8FB6100734A34 /* Frameworks */,
				11F25BDE1CB8FB6100734A34 /* Resources */,
			);
			buildRules = (
			);
			dependencies = (
				11F25BE21CB8FB6100734A34 /* PBXTargetDependency */,
			);
			name = AusgabenTrackerUITests;
			productName = AusgabenTrackerUITests;
			productReference = 11F25BE01CB8FB6100734A34 /* AusgabenTrackerUITests.xctest */;
			productType = "com.apple.product-type.bundle.ui-testing";
		};
/* End PBXNativeTarget section */

/* Begin PBXProject section */
		11F25BB71CB8FB6000734A34 /* Project object */ = {
			isa = PBXProject;
			attributes = {
				LastSwiftUpdateCheck = 0730;
				LastUpgradeCheck = 0730;
				ORGANIZATIONNAME = "Sven Piller";
				TargetAttributes = {
					11F25BBE1CB8FB6100734A34 = {
						CreatedOnToolsVersion = 7.3;
					};
					11F25BD41CB8FB6100734A34 = {
						CreatedOnToolsVersion = 7.3;
						TestTargetID = 11F25BBE1CB8FB6100734A34;
					};
					11F25BDF1CB8FB6100734A34 = {
						CreatedOnToolsVersion = 7.3;
						TestTargetID = 11F25BBE1CB8FB6100734A34;
					};
				};
			};
			buildConfigurationList = 11F25BBA1CB8FB6000734A34 /* Build configuration list for PBXProject "AusgabenTracker" */;
			compatibilityVersion = "Xcode 3.2";
			developmentRegion = English;
			hasScannedForEncodings = 0;
			knownRegions = (
				en,
				Base,
			);
			mainGroup = 11F25BB61CB8FB6000734A34;
			productRefGroup = 11F25BC01CB8FB6100734A34 /* Products */;
			projectDirPath = "";
			projectRoot = "";
			targets = (
				11F25BBE1CB8FB6100734A34 /* AusgabenTracker */,
				11F25BD41CB8FB6100734A34 /* AusgabenTrackerTests */,
				11F25BDF1CB8FB6100734A34 /* AusgabenTrackerUITests */,
			);
		};
/* End PBXProject section */

/* Begin PBXResourcesBuildPhase section */
		11F25BBD1CB8FB6100734A34 /* Resources */ = {
			isa = PBXResourcesBuildPhase;
			buildActionMask = 2147483647;
			files = (
				11F25BCF1CB8FB6100734A34 /* LaunchScreen.storyboard in Resources */,
				11F25BCC1CB8FB6100734A34 /* Assets.xcassets in Resources */,
				11F25BCA1CB8FB6100734A34 /* Main.storyboard in Resources */,
			);
			runOnlyForDeploymentPostprocessing = 0;
		};
		11F25BD31CB8FB6100734A34 /* Resources */ = {
			isa = PBXResourcesBuildPhase;
			buildActionMask = 2147483647;
			files = (
			);
			runOnlyForDeploymentPostprocessing = 0;
		};
		11F25BDE1CB8FB6100734A34 /* Resources */ = {
			isa = PBXResourcesBuildPhase;
			buildActionMask = 2147483647;
			files = (
			);
			runOnlyForDeploymentPostprocessing = 0;
		};
/* End PBXResourcesBuildPhase section */

/* Begin PBXSourcesBuildPhase section */
		11F25BBB1CB8FB6100734A34 /* Sources */ = {
			isa = PBXSourcesBuildPhase;
			buildActionMask = 2147483647;
			files = (
				11F25BC71CB8FB6100734A34 /* SecondViewController.swift in Sources */,
				11F25BC31CB8FB6100734A34 /* AppDelegate.swift in Sources */,
				11F25BC51CB8FB6100734A34 /* FirstViewController.swift in Sources */,
			);
			runOnlyForDeploymentPostprocessing = 0;
		};
		11F25BD11CB8FB6100734A34 /* Sources */ = {
			isa = PBXSourcesBuildPhase;
			buildActionMask = 2147483647;
			files = (
				11F25BDA1CB8FB6100734A34 /* AusgabenTrackerTests.swift in Sources */,
			);
			runOnlyForDeploymentPostprocessing = 0;
		};
		11F25BDC1CB8FB6100734A34 /* Sources */ = {
			isa = PBXSourcesBuildPhase;
			buildActionMask = 2147483647;
			files = (
				11F25BE51CB8FB6100734A34 /* AusgabenTrackerUITests.swift in Sources */,
			);
			runOnlyForDeploymentPostprocessing = 0;
		};
/* End PBXSourcesBuildPhase section */

/* Begin PBXTargetDependency section */
		11F25BD71CB8FB6100734A34 /* PBXTargetDependency */ = {
			isa = PBXTargetDependency;
			target = 11F25BBE1CB8FB6100734A34 /* AusgabenTracker */;
			targetProxy = 11F25BD61CB8FB6100734A34 /* PBXContainerItemProxy */;
		};
		11F25BE21CB8FB6100734A34 /* PBXTargetDependency */ = {
			isa = PBXTargetDependency;
			target = 11F25BBE1CB8FB6100734A34 /* AusgabenTracker */;
			targetProxy = 11F25BE11CB8FB6100734A34 /* PBXContainerItemProxy */;
		};
/* End PBXTargetDependency section */

/* Begin PBXVariantGroup section */
		11F25BC81CB8FB6100734A34 /* Main.storyboard */ = {
			isa = PBXVariantGroup;
			children = (
				11F25BC91CB8FB6100734A34 /* Base */,
			);
			name = Main.storyboard;
			sourceTree = "<group>";
		};
		11F25BCD1CB8FB6100734A34 /* LaunchScreen.storyboard */ = {
			isa = PBXVariantGroup;
			children = (
				11F25BCE1CB8FB6100734A34 /* Base */,
			);
			name = LaunchScreen.storyboard;
			sourceTree = "<group>";
		};
/* End PBXVariantGroup section */

/* Begin XCBuildConfiguration section */
		11F25BE71CB8FB6100734A34 /* Debug */ = {
			isa = XCBuildConfiguration;
			buildSettings = {
				ALWAYS_SEARCH_USER_PATHS = NO;
				CLANG_ANALYZER_NONNULL = YES;
				CLANG_CXX_LANGUAGE_STANDARD = "gnu++0x";
				CLANG_CXX_LIBRARY = "libc++";
				CLANG_ENABLE_MODULES = YES;
				CLANG_ENABLE_OBJC_ARC = YES;
				CLANG_WARN_BOOL_CONVERSION = YES;
				CLANG_WARN_CONSTANT_CONVERSION = YES;
				CLANG_WARN_DIRECT_OBJC_ISA_USAGE = YES_ERROR;
				CLANG_WARN_EMPTY_BODY = YES;
				CLANG_WARN_ENUM_CONVERSION = YES;
				CLANG_WARN_INT_CONVERSION = YES;
				CLANG_WARN_OBJC_ROOT_CLASS = YES_ERROR;
				CLANG_WARN_UNREACHABLE_CODE = YES;
				CLANG_WARN__DUPLICATE_METHOD_MATCH = YES;
				"CODE_SIGN_IDENTITY[sdk=iphoneos*]" = "iPhone Developer";
				COPY_PHASE_STRIP = NO;
				DEBUG_INFORMATION_FORMAT = dwarf;
				ENABLE_STRICT_OBJC_MSGSEND = YES;
				ENABLE_TESTABILITY = YES;
				GCC_C_LANGUAGE_STANDARD = gnu99;
				GCC_DYNAMIC_NO_PIC = NO;
				GCC_NO_COMMON_BLOCKS = YES;
				GCC_OPTIMIZATION_LEVEL = 0;
				GCC_PREPROCESSOR_DEFINITIONS = (
					"DEBUG=1",
					"$(inherited)",
				);
				GCC_WARN_64_TO_32_BIT_CONVERSION = YES;
				GCC_WARN_ABOUT_RETURN_TYPE = YES_ERROR;
				GCC_WARN_UNDECLARED_SELECTOR = YES;
				GCC_WARN_UNINITIALIZED_AUTOS = YES_AGGRESSIVE;
				GCC_WARN_UNUSED_FUNCTION = YES;
				GCC_WARN_UNUSED_VARIABLE = YES;
				IPHONEOS_DEPLOYMENT_TARGET = 9.3;
				MTL_ENABLE_DEBUG_INFO = YES;
				ONLY_ACTIVE_ARCH = YES;
				SDKROOT = iphoneos;
				SWIFT_OPTIMIZATION_LEVEL = "-Onone";
			};
			name = Debug;
		};
		11F25BE81CB8FB6100734A34 /* Release */ = {
			isa = XCBuildConfiguration;
			buildSettings = {
				ALWAYS_SEARCH_USER_PATHS = NO;
				CLANG_ANALYZER_NONNULL = YES;
				CLANG_CXX_LANGUAGE_STANDARD = "gnu++0x";
				CLANG_CXX_LIBRARY = "libc++";
				CLANG_ENABLE_MODULES = YES;
				CLANG_ENABLE_OBJC_ARC = YES;
				CLANG_WARN_BOOL_CONVERSION = YES;
				CLANG_WARN_CONSTANT_CONVERSION = YES;
				CLANG_WARN_DIRECT_OBJC_ISA_USAGE = YES_ERROR;
				CLANG_WARN_EMPTY_BODY = YES;
				CLANG_WARN_ENUM_CONVERSION = YES;
				CLANG_WARN_INT_CONVERSION = YES;
				CLANG_WARN_OBJC_ROOT_CLASS = YES_ERROR;
				CLANG_WARN_UNREACHABLE_CODE = YES;
				CLANG_WARN__DUPLICATE_METHOD_MATCH = YES;
				"CODE_SIGN_IDENTITY[sdk=iphoneos*]" = "iPhone Developer";
				COPY_PHASE_STRIP = NO;
				DEBUG_INFORMATION_FORMAT = "dwarf-with-dsym";
				ENABLE_NS_ASSERTIONS = NO;
				ENABLE_STRICT_OBJC_MSGSEND = YES;
				GCC_C_LANGUAGE_STANDARD = gnu99;
				GCC_NO_COMMON_BLOCKS = YES;
				GCC_WARN_64_TO_32_BIT_CONVERSION = YES;
				GCC_WARN_ABOUT_RETURN_TYPE = YES_ERROR;
				GCC_WARN_UNDECLARED_SELECTOR = YES;
				GCC_WARN_UNINITIALIZED_AUTOS = YES_AGGRESSIVE;
				GCC_WARN_UNUSED_FUNCTION = YES;
				GCC_WARN_UNUSED_VARIABLE = YES;
				IPHONEOS_DEPLOYMENT_TARGET = 9.3;
				MTL_ENABLE_DEBUG_INFO = NO;
				SDKROOT = iphoneos;
				VALIDATE_PRODUCT = YES;
			};
			name = Release;
		};
		11F25BEA1CB8FB6100734A34 /* Debug */ = {
			isa = XCBuildConfiguration;
			buildSettings = {
				ASSETCATALOG_COMPILER_APPICON_NAME = AppIcon;
				INFOPLIST_FILE = AusgabenTracker/Info.plist;
				LD_RUNPATH_SEARCH_PATHS = "$(inherited) @executable_path/Frameworks";
				PRODUCT_BUNDLE_IDENTIFIER = "de.sven-piller.AusgabenTracker";
				PRODUCT_NAME = "$(TARGET_NAME)";
			};
			name = Debug;
		};
		11F25BEB1CB8FB6100734A34 /* Release */ = {
			isa = XCBuildConfiguration;
			buildSettings = {
				ASSETCATALOG_COMPILER_APPICON_NAME = AppIcon;
				INFOPLIST_FILE = AusgabenTracker/Info.plist;
				LD_RUNPATH_SEARCH_PATHS = "$(inherited) @executable_path/Frameworks";
				PRODUCT_BUNDLE_IDENTIFIER = "de.sven-piller.AusgabenTracker";
				PRODUCT_NAME = "$(TARGET_NAME)";
			};
			name = Release;
		};
		11F25BED1CB8FB6100734A34 /* Debug */ = {
			isa = XCBuildConfiguration;
			buildSettings = {
				BUNDLE_LOADER = "$(TEST_HOST)";
				INFOPLIST_FILE = AusgabenTrackerTests/Info.plist;
				LD_RUNPATH_SEARCH_PATHS = "$(inherited) @executable_path/Frameworks @loader_path/Frameworks";
				PRODUCT_BUNDLE_IDENTIFIER = "de.sven-piller.AusgabenTrackerTests";
				PRODUCT_NAME = "$(TARGET_NAME)";
				TEST_HOST = "$(BUILT_PRODUCTS_DIR)/AusgabenTracker.app/AusgabenTracker";
			};
			name = Debug;
		};
		11F25BEE1CB8FB6100734A34 /* Release */ = {
			isa = XCBuildConfiguration;
			buildSettings = {
				BUNDLE_LOADER = "$(TEST_HOST)";
				INFOPLIST_FILE = AusgabenTrackerTests/Info.plist;
				LD_RUNPATH_SEARCH_PATHS = "$(inherited) @executable_path/Frameworks @loader_path/Frameworks";
				PRODUCT_BUNDLE_IDENTIFIER = "de.sven-piller.AusgabenTrackerTests";
				PRODUCT_NAME = "$(TARGET_NAME)";
				TEST_HOST = "$(BUILT_PRODUCTS_DIR)/AusgabenTracker.app/AusgabenTracker";
			};
			name = Release;
		};
		11F25BF01CB8FB6100734A34 /* Debug */ = {
			isa = XCBuildConfiguration;
			buildSettings = {
				INFOPLIST_FILE = AusgabenTrackerUITests/Info.plist;
				LD_RUNPATH_SEARCH_PATHS = "$(inherited) @executable_path/Frameworks @loader_path/Frameworks";
				PRODUCT_BUNDLE_IDENTIFIER = "de.sven-piller.AusgabenTrackerUITests";
				PRODUCT_NAME = "$(TARGET_NAME)";
				TEST_TARGET_NAME = AusgabenTracker;
			};
			name = Debug;
		};
		11F25BF11CB8FB6100734A34 /* Release */ = {
			isa = XCBuildConfiguration;
			buildSettings = {
				INFOPLIST_FILE = AusgabenTrackerUITests/Info.plist;
				LD_RUNPATH_SEARCH_PATHS = "$(inherited) @executable_path/Frameworks @loader_path/Frameworks";
				PRODUCT_BUNDLE_IDENTIFIER = "de.sven-piller.AusgabenTrackerUITests";
				PRODUCT_NAME = "$(TARGET_NAME)";
				TEST_TARGET_NAME = AusgabenTracker;
			};
			name = Release;
		};
/* End XCBuildConfiguration section */

/* Begin XCConfigurationList section */
		11F25BBA1CB8FB6000734A34 /* Build configuration list for PBXProject "AusgabenTracker" */ = {
			isa = XCConfigurationList;
			buildConfigurations = (
				11F25BE71CB8FB6100734A34 /* Debug */,
				11F25BE81CB8FB6100734A34 /* Release */,
			);
			defaultConfigurationIsVisible = 0;
			defaultConfigurationName = Release;
		};
		11F25BE91CB8FB6100734A34 /* Build configuration list for PBXNativeTarget "AusgabenTracker" */ = {
			isa = XCConfigurationList;
			buildConfigurations = (
				11F25BEA1CB8FB6100734A34 /* Debug */,
				11F25BEB1CB8FB6100734A34 /* Release */,
			);
			defaultConfigurationIsVisible = 0;
		};
		11F25BEC1CB8FB6100734A34 /* Build configuration list for PBXNativeTarget "AusgabenTrackerTests" */ = {
			isa = XCConfigurationList;
			buildConfigurations = (
				11F25BED1CB8FB6100734A34 /* Debug */,
				11F25BEE1CB8FB6100734A34 /* Release */,
			);
			defaultConfigurationIsVisible = 0;
		};
		11F25BEF1CB8FB6100734A34 /* Build configuration list for PBXNativeTarget "AusgabenTrackerUITests" */ = {
			isa = XCConfigurationList;
			buildConfigurations = (
				11F25BF01CB8FB6100734A34 /* Debug */,
				11F25BF11CB8FB6100734A34 /* Release */,
			);
			defaultConfigurationIsVisible = 0;
		};
/* End XCConfigurationList section */
	};
	rootObject = 11F25BB71CB8FB6000734A34 /* Project object */;
}
